github.com/happyh/go-logging v0.0.0-20180530061813-2fefb47f27db h1:POt4cnHJTPF3Hcz2hoGRhTv/eVA8kkBMD7l9LImS6Lg=
github.com/happyh/go-logging v0.0.0-20180530061813-2fefb47f27db/go.mod h1:XZ4psG5dU/tCAawrBvt0CjsZe4sq7142/hBjvz3rLTg=
github.com/nightlyone/lockfile v1.0.0 h1:RHep2cFKK4PonZJDdEl4GmkabuhbsRMgk/k3uAmxBiA=
github.com/nightlyone/lockfile v1.0.0/go.mod h1:rywoIealpdNse2r832aiD9jRk8ErCatROs6LzC841CI=
github.com/spf13/pflag v1.0.5 h1:iy+VFUOCP1a+8yFto/drg2CJ5u0yRoB7fZw3DKv/JXA=
github.com/spf13/pflag v1.0.5/go.mod h1:McXfInJRrz4CZXVZOBLb0bTZqETkiAhM9Iw0y3An2Bg=
